// !$*UTF8*$!
{
	archiveVersion = 1;
	classes = {
	};
	objectVersion = 77;
	objects = {

/* Begin PBXBuildFile section */
		B6C73A752F4D7C4D008C741C /* ScreenCaptureKit.framework in Frameworks */ = {isa = PBXBuildFile; fileRef = B6C73A742F4D7C4D008C741C /* ScreenCaptureKit.framework */; };
/* End PBXBuildFile section */

/* Begin PBXContainerItemProxy section */
		B6C73A472F4A2AF9008C741C /* PBXContainerItemProxy */ = {
			isa = PBXContainerItemProxy;
			containerPortal = B6C73A312F4A2AF7008C741C /* Project object */;
			proxyType = 1;
			remoteGlobalIDString = B6C73A382F4A2AF7008C741C;
			remoteInfo = "Tiny Viewer";
		};
		B6C73A512F4A2AF9008C741C /* PBXContainerItemProxy */ = {
			isa = PBXContainerItemProxy;
			containerPortal = B6C73A312F4A2AF7008C741C /* Project object */;
			proxyType = 1;
			remoteGlobalIDString = B6C73A382F4A2AF7008C741C;
			remoteInfo = "Tiny Viewer";
		};
/* End PBXContainerItemProxy section */

/* Begin PBXFileReference section */
		B6C73A392F4A2AF7008C741C /* Tiny Viewer.app */ = {isa = PBXFileReference; explicitFileType = wrapper.application; includeInIndex = 0; path = "Tiny Viewer.app"; sourceTree = BUILT_PRODUCTS_DIR; };
		B6C73A462F4A2AF9008C741C /* Tiny ViewerTests.xctest */ = {isa = PBXFileReference; explicitFileType = wrapper.cfbundle; includeInIndex = 0; path = "Tiny ViewerTests.xctest"; sourceTree = BUILT_PRODUCTS_DIR; };
		B6C73A502F4A2AF9008C741C /* Tiny ViewerUITests.xctest */ = {isa = PBXFileReference; explicitFileType = wrapper.cfbundle; includeInIndex = 0; path = "Tiny ViewerUITests.xctest"; sourceTree = BUILT_PRODUCTS_DIR; };
		B6C73A742F4D7C4D008C741C /* ScreenCaptureKit.framework */ = {isa = PBXFileReference; lastKnownFileType = wrapper.framework; name = ScreenCaptureKit.framework; path = System/Library/Frameworks/ScreenCaptureKit.framework; sourceTree = SDKROOT; };
/* End PBXFileReference section */

/* Begin PBXFileSystemSynchronizedRootGroup section */
		B6C73A3B2F4A2AF7008C741C /* Tiny Viewer */ = {
			isa = PBXFileSystemSynchronizedRootGroup;
			path = "Tiny Viewer";
			sourceTree = "<group>";
		};
		B6C73A492F4A2AF9008C741C /* Tiny ViewerTests */ = {
			isa = PBXFileSystemSynchronizedRootGroup;
			path = "Tiny ViewerTests";
			sourceTree = "<group>";
		};
		B6C73A532F4A2AF9008C741C /* Tiny ViewerUITests */ = {
			isa = PBXFileSystemSynchronizedRootGroup;
			path = "Tiny ViewerUITests";
			sourceTree = "<group>";
		};
/* End PBXFileSystemSynchronizedRootGroup section */

/* Begin PBXFrameworksBuildPhase section */
		B6C73A362F4A2AF7008C741C /* Frameworks */ = {
			isa = PBXFrameworksBuildPhase;
			buildActionMask = 2147483647;
			files = (
				B6C73A752F4D7C4D008C741C /* ScreenCaptureKit.framework in Frameworks */,
			);
			runOnlyForDeploymentPostprocessing = 0;
		};
		B6C73A432F4A2AF9008C741C /* Frameworks */ = {
			isa = PBXFrameworksBuildPhase;
			buildActionMask = 2147483647;
			files = (
			);
			runOnlyForDeploymentPostprocessing = 0;
		};
		B6C73A4D2F4A2AF9008C741C /* Frameworks */ = {
			isa = PBXFrameworksBuildPhase;
			buildActionMask = 2147483647;
			files = (
			);
			runOnlyForDeploymentPostprocessing = 0;
		};
/* End PBXFrameworksBuildPhase section */

/* Begin PBXGroup section */
		B6C73A302F4A2AF7008C741C = {
			isa = PBXGroup;
			children = (
				B6C73A3B2F4A2AF7008C741C /* Tiny Viewer */,
				B6C73A492F4A2AF9008C741C /* Tiny ViewerTests */,
				B6C73A532F4A2AF9008C741C /* Tiny ViewerUITests */,
				B6C73A732F4D7C4D008C741C /* Frameworks */,
				B6C73A3A2F4A2AF7008C741C /* Products */,
			);
			sourceTree = "<group>";
		};
		B6C73A3A2F4A2AF7008C741C /* Products */ = {
			isa = PBXGroup;
			children = (
				B6C73A392F4A2AF7008C741C /* Tiny Viewer.app */,
				B6C73A462F4A2AF9008C741C /* Tiny ViewerTests.xctest */,
				B6C73A502F4A2AF9008C741C /* Tiny ViewerUITests.xctest */,
			);
			name = Products;
			sourceTree = "<group>";
		};
		B6C73A732F4D7C4D008C741C /* Frameworks */ = {
			isa = PBXGroup;
			children = (
				B6C73A742F4D7C4D008C741C /* ScreenCaptureKit.framework */,
			);
			name = Frameworks;
			sourceTree = "<group>";
		};
/* End PBXGroup section */

/* Begin PBXNativeTarget section */
		B6C73A382F4A2AF7008C741C /* Tiny Viewer */ = {
			isa = PBXNativeTarget;
			buildConfigurationList = B6C73A5A2F4A2AF9008C741C /* Build configuration list for PBXNativeTarget "Tiny Viewer" */;
			buildPhases = (
				B6C73A352F4A2AF7008C741C /* Sources */,
				B6C73A362F4A2AF7008C741C /* Frameworks */,
				B6C73A372F4A2AF7008C741C /* Resources */,
			);
			buildRules = (
			);
			dependencies = (
			);
			fileSystemSynchronizedGroups = (
				B6C73A3B2F4A2AF7008C741C /* Tiny Viewer */,
			);
			name = "Tiny Viewer";
			packageProductDependencies = (
			);
			productName = "Tiny Viewer";
			productReference = B6C73A392F4A2AF7008C741C /* Tiny Viewer.app */;
			productType = "com.apple.product-type.application";
		};
		B6C73A452F4A2AF9008C741C /* Tiny ViewerTests */ = {
			isa = PBXNativeTarget;
			buildConfigurationList = B6C73A5D2F4A2AF9008C741C /* Build configuration list for PBXNativeTarget "Tiny ViewerTests" */;
			buildPhases = (
				B6C73A422F4A2AF9008C741C /* Sources */,
				B6C73A432F4A2AF9008C741C /* Frameworks */,
				B6C73A442F4A2AF9008C741C /* Resources */,
			);
			buildRules = (
			);
			dependencies = (
				B6C73A482F4A2AF9008C741C /* PBXTargetDependency */,
			);
			fileSystemSynchronizedGroups = (
				B6C73A492F4A2AF9008C741C /* Tiny ViewerTests */,
			);
			name = "Tiny ViewerTests";
			packageProductDependencies = (
			);
			productName = "Tiny ViewerTests";
			productReference = B6C73A462F4A2AF9008C741C /* Tiny ViewerTests.xctest */;
			productType = "com.apple.product-type.bundle.unit-test";
		};
		B6C73A4F2F4A2AF9008C741C /* Tiny ViewerUITests */ = {
			isa = PBXNativeTarget;
			buildConfigurationList = B6C73A602F4A2AF9008C741C /* Build configuration list for PBXNativeTarget "Tiny ViewerUITests" */;
			buildPhases = (
				B6C73A4C2F4A2AF9008C741C /* Sources */,
				B6C73A4D2F4A2AF9008C741C /* Frameworks */,
				B6C73A4E2F4A2AF9008C741C /* Resources */,
			);
			buildRules = (
			);
			dependencies = (
				B6C73A522F4A2AF9008C741C /* PBXTargetDependency */,
			);
			fileSystemSynchronizedGroups = (
				B6C73A532F4A2AF9008C741C /* Tiny ViewerUITests */,
			);
			name = "Tiny ViewerUITests";
			packageProductDependencies = (
			);
			productName = "Tiny ViewerUITests";
			productReference = B6C73A502F4A2AF9008C741C /* Tiny ViewerUITests.xctest */;
			productType = "com.apple.product-type.bundle.ui-testing";
		};
/* End PBXNativeTarget section */

/* Begin PBXProject section */
		B6C73A312F4A2AF7008C741C /* Project object */ = {
			isa = PBXProject;
			attributes = {
				BuildIndependentTargetsInParallel = 1;
				LastSwiftUpdateCheck = 2620;
				LastUpgradeCheck = 2620;
				TargetAttributes = {
					B6C73A382F4A2AF7008C741C = {
						CreatedOnToolsVersion = 26.2;
					};
					B6C73A452F4A2AF9008C741C = {
						CreatedOnToolsVersion = 26.2;
						TestTargetID = B6C73A382F4A2AF7008C741C;
					};
					B6C73A4F2F4A2AF9008C741C = {
						CreatedOnToolsVersion = 26.2;
						TestTargetID = B6C73A382F4A2AF7008C741C;
					};
				};
			};
			buildConfigurationList = B6C73A342F4A2AF7008C741C /* Build configuration list for PBXProject "Tiny Viewer" */;
			developmentRegion = en;
			hasScannedForEncodings = 0;
			knownRegions = (
				en,
				Base,
			);
			mainGroup = B6C73A302F4A2AF7008C741C;
			minimizedProjectReferenceProxies = 1;
			preferredProjectObjectVersion = 77;
			productRefGroup = B6C73A3A2F4A2AF7008C741C /* Products */;
			projectDirPath = "";
			projectRoot = "";
			targets = (
				B6C73A382F4A2AF7008C741C /* Tiny Viewer */,
				B6C73A452F4A2AF9008C741C /* Tiny ViewerTests */,
				B6C73A4F2F4A2AF9008C741C /* Tiny ViewerUITests */,
			);
		};
/* End PBXProject section */

/* Begin PBXResourcesBuildPhase section */
		B6C73A372F4A2AF7008C741C /* Resources */ = {
			isa = PBXResourcesBuildPhase;
			buildActionMask = 2147483647;
			files = (
			);
			runOnlyForDeploymentPostprocessing = 0;
		};
		B6C73A442F4A2AF9008C741C /* Resources */ = {
			isa = PBXResourcesBuildPhase;
			buildActionMask = 2147483647;
			files = (
			);
			runOnlyForDeploymentPostprocessing = 0;
		};
		B6C73A4E2F4A2AF9008C741C /* Resources */ = {
			isa = PBXResourcesBuildPhase;
			buildActionMask = 2147483647;
			files = (
			);
			runOnlyForDeploymentPostprocessing = 0;
		};
/* End PBXResourcesBuildPhase section */

/* Begin PBXSourcesBuildPhase section */
		B6C73A352F4A2AF7008C741C /* Sources */ = {
			isa = PBXSourcesBuildPhase;
			buildActionMask = 2147483647;
			files = (
			);
			runOnlyForDeploymentPostprocessing = 0;
		};
		B6C73A422F4A2AF9008C741C /* Sources */ = {
			isa = PBXSourcesBuildPhase;
			buildActionMask = 2147483647;
			files = (
			);
			runOnlyForDeploymentPostprocessing = 0;
		};
		B6C73A4C2F4A2AF9008C741C /* Sources */ = {
			isa = PBXSourcesBuildPhase;
			buildActionMask = 2147483647;
			files = (
			);
			runOnlyForDeploymentPostprocessing = 0;
		};
/* End PBXSourcesBuildPhase section */

/* Begin PBXTargetDependency section */
		B6C73A482F4A2AF9008C741C /* PBXTargetDependency */ = {
			isa = PBXTargetDependency;
			target = B6C73A382F4A2AF7008C741C /* Tiny Viewer */;
			targetProxy = B6C73A472F4A2AF9008C741C /* PBXContainerItemProxy */;
		};
		B6C73A522F4A2AF9008C741C /* PBXTargetDependency */ = {
			isa = PBXTargetDependency;
			target = B6C73A382F4A2AF7008C741C /* Tiny Viewer */;
			targetProxy = B6C73A512F4A2AF9008C741C /* PBXContainerItemProxy */;
		};
/* End PBXTargetDependency section */

/* Begin XCBuildConfiguration section */
		B6C73A582F4A2AF9008C741C /* Debug */ = {
			isa = XCBuildConfiguration;
			buildSettings = {
				ALWAYS_SEARCH_USER_PATHS = NO;
				ASSETCATALOG_COMPILER_GENERATE_SWIFT_ASSET_SYMBOL_EXTENSIONS = YES;
				CLANG_ANALYZER_NONNULL = YES;
				CLANG_ANALYZER_NUMBER_OBJECT_CONVERSION = YES_AGGRESSIVE;
				CLANG_CXX_LANGUAGE_STANDARD = "gnu++20";
				CLANG_ENABLE_MODULES = YES;
				CLANG_ENABLE_OBJC_ARC = YES;
				CLANG_ENABLE_OBJC_WEAK = YES;
				CLANG_WARN_BLOCK_CAPTURE_AUTORELEASING = YES;
				CLANG_WARN_BOOL_CONVERSION = YES;
				CLANG_WARN_COMMA = YES;
				CLANG_WARN_CONSTANT_CONVERSION = YES;
				CLANG_WARN_DEPRECATED_OBJC_IMPLEMENTATIONS = YES;
				CLANG_WARN_DIRECT_OBJC_ISA_USAGE = YES_ERROR;
				CLANG_WARN_DOCUMENTATION_COMMENTS = YES;
				CLANG_WARN_EMPTY_BODY = YES;
				CLANG_WARN_ENUM_CONVERSION = YES;
				CLANG_WARN_INFINITE_RECURSION = YES;
				CLANG_WARN_INT_CONVERSION = YES;
				CLANG_WARN_NON_LITERAL_NULL_CONVERSION = YES;
				CLANG_WARN_OBJC_IMPLICIT_RETAIN_SELF = YES;
				CLANG_WARN_OBJC_LITERAL_CONVERSION = YES;
				CLANG_WARN_OBJC_ROOT_CLASS = YES_ERROR;
				CLANG_WARN_QUOTED_INCLUDE_IN_FRAMEWORK_HEADER = YES;
				CLANG_WARN_RANGE_LOOP_ANALYSIS = YES;
				CLANG_WARN_STRICT_PROTOTYPES = YES;
				CLANG_WARN_SUSPICIOUS_MOVE = YES;
				CLANG_WARN_UNGUARDED_AVAILABILITY = YES_AGGRESSIVE;
				CLANG_WARN_UNREACHABLE_CODE = YES;
				CLANG_WARN__DUPLICATE_METHOD_MATCH = YES;
				COPY_PHASE_STRIP = NO;
				DEBUG_INFORMATION_FORMAT = dwarf;
				ENABLE_STRICT_OBJC_MSGSEND = YES;
				ENABLE_TESTABILITY = YES;
				ENABLE_USER_SCRIPT_SANDBOXING = YES;
				GCC_C_LANGUAGE_STANDARD = gnu17;
				GCC_DYNAMIC_NO_PIC = NO;
				GCC_NO_COMMON_BLOCKS = YES;
				GCC_OPTIMIZATION_LEVEL = 0;
				GCC_PREPROCESSOR_DEFINITIONS = (
					"DEBUG=1",
					"$(inherited)",
				);
				GCC_WARN_64_TO_32_BIT_CONVERSION = YES;
				GCC_WARN_ABOUT_RETURN_TYPE = YES_ERROR;
				GCC_WARN_UNDECLARED_SELECTOR = YES;
				GCC_WARN_UNINITIALIZED_AUTOS = YES_AGGRESSIVE;
				GCC_WARN_UNUSED_FUNCTION = YES;
				GCC_WARN_UNUSED_VARIABLE = YES;
				LOCALIZATION_PREFERS_STRING_CATALOGS = YES;
				MACOSX_DEPLOYMENT_TARGET = 15.6;
				MTL_ENABLE_DEBUG_INFO = INCLUDE_SOURCE;
				MTL_FAST_MATH = YES;
				ONLY_ACTIVE_ARCH = YES;
				SDKROOT = macosx;
				SWIFT_ACTIVE_COMPILATION_CONDITIONS = "DEBUG $(inherited)";
				SWIFT_OPTIMIZATION_LEVEL = "-Onone";
			};
			name = Debug;
		};
		B6C73A592F4A2AF9008C741C /* Release */ = {
			isa = XCBuildConfiguration;
			buildSettings = {
				ALWAYS_SEARCH_USER_PATHS = NO;
				ASSETCATALOG_COMPILER_GENERATE_SWIFT_ASSET_SYMBOL_EXTENSIONS = YES;
				CLANG_ANALYZER_NONNULL = YES;
				CLANG_ANALYZER_NUMBER_OBJECT_CONVERSION = YES_AGGRESSIVE;
				CLANG_CXX_LANGUAGE_STANDARD = "gnu++20";
				CLANG_ENABLE_MODULES = YES;
				CLANG_ENABLE_OBJC_ARC = YES;
				CLANG_ENABLE_OBJC_WEAK = YES;
				CLANG_WARN_BLOCK_CAPTURE_AUTORELEASING = YES;
				CLANG_WARN_BOOL_CONVERSION = YES;
				CLANG_WARN_COMMA = YES;
				CLANG_WARN_CONSTANT_CONVERSION = YES;
				CLANG_WARN_DEPRECATED_OBJC_IMPLEMENTATIONS = YES;
				CLANG_WARN_DIRECT_OBJC_ISA_USAGE = YES_ERROR;
				CLANG_WARN_DOCUMENTATION_COMMENTS = YES;
				CLANG_WARN_EMPTY_BODY = YES;
				CLANG_WARN_ENUM_CONVERSION = YES;
				CLANG_WARN_INFINITE_RECURSION = YES;
				CLANG_WARN_INT_CONVERSION = YES;
				CLANG_WARN_NON_LITERAL_NULL_CONVERSION = YES;
				CLANG_WARN_OBJC_IMPLICIT_RETAIN_SELF = YES;
				CLANG_WARN_OBJC_LITERAL_CONVERSION = YES;
				CLANG_WARN_OBJC_ROOT_CLASS = YES_ERROR;
				CLANG_WARN_QUOTED_INCLUDE_IN_FRAMEWORK_HEADER = YES;
				CLANG_WARN_RANGE_LOOP_ANALYSIS = YES;
				CLANG_WARN_STRICT_PROTOTYPES = YES;
				CLANG_WARN_SUSPICIOUS_MOVE = YES;
				CLANG_WARN_UNGUARDED_AVAILABILITY = YES_AGGRESSIVE;
				CLANG_WARN_UNREACHABLE_CODE = YES;
				CLANG_WARN__DUPLICATE_METHOD_MATCH = YES;
				COPY_PHASE_STRIP = NO;
				DEBUG_INFORMATION_FORMAT = "dwarf-with-dsym";
				ENABLE_NS_ASSERTIONS = NO;
				ENABLE_STRICT_OBJC_MSGSEND = YES;
				ENABLE_USER_SCRIPT_SANDBOXING = YES;
				GCC_C_LANGUAGE_STANDARD = gnu17;
				GCC_NO_COMMON_BLOCKS = YES;
				GCC_WARN_64_TO_32_BIT_CONVERSION = YES;
				GCC_WARN_ABOUT_RETURN_TYPE = YES_ERROR;
				GCC_WARN_UNDECLARED_SELECTOR = YES;
				GCC_WARN_UNINITIALIZED_AUTOS = YES_AGGRESSIVE;
				GCC_WARN_UNUSED_FUNCTION = YES;
				GCC_WARN_UNUSED_VARIABLE = YES;
				LOCALIZATION_PREFERS_STRING_CATALOGS = YES;
				MACOSX_DEPLOYMENT_TARGET = 15.6;
				MTL_ENABLE_DEBUG_INFO = NO;
				MTL_FAST_MATH = YES;
				SDKROOT = macosx;
				SWIFT_COMPILATION_MODE = wholemodule;
			};
			name = Release;
		};
		B6C73A5B2F4A2AF9008C741C /* Debug */ = {
			isa = XCBuildConfiguration;
			buildSettings = {
				ASSETCATALOG_COMPILER_APPICON_NAME = AppIcon;
				ASSETCATALOG_COMPILER_GLOBAL_ACCENT_COLOR_NAME = AccentColor;
				CODE_SIGN_STYLE = Automatic;
				COMBINE_HIDPI_IMAGES = YES;
				CURRENT_PROJECT_VERSION = 1;
				ENABLE_APP_SANDBOX = NO;
				ENABLE_PREVIEWS = YES;
				GENERATE_INFOPLIST_FILE = YES;
				INFOPLIST_FILE = "Tiny-Viewer-Info.plist";
				INFOPLIST_KEY_CFBundleDisplayName = "";
				INFOPLIST_KEY_LSApplicationCategoryType = "";
				INFOPLIST_KEY_NSHumanReadableCopyright = "";
				LD_RUNPATH_SEARCH_PATHS = (
					"$(inherited)",
					"@executable_path/../Frameworks",
				);
				MARKETING_VERSION = 1.0;
				NEW_SETTING = "";
				PRODUCT_BUNDLE_IDENTIFIER = "Zakoi.Tiny-Viewer";
				PRODUCT_NAME = "$(TARGET_NAME)";
				REGISTER_APP_GROUPS = YES;
				STRING_CATALOG_GENERATE_SYMBOLS = YES;
				SWIFT_APPROACHABLE_CONCURRENCY = YES;
				SWIFT_DEFAULT_ACTOR_ISOLATION = MainActor;
				SWIFT_EMIT_LOC_STRINGS = YES;
				SWIFT_UPCOMING_FEATURE_MEMBER_IMPORT_VISIBILITY = YES;
				SWIFT_VERSION = 5.0;
			};
			name = Debug;
		};
		B6C73A5C2F4A2AF9008C741C /* Release */ = {
			isa = XCBuildConfiguration;
			buildSettings = {
				ASSETCATALOG_COMPILER_APPICON_NAME = AppIcon;
				ASSETCATALOG_COMPILER_GLOBAL_ACCENT_COLOR_NAME = AccentColor;
				CODE_SIGN_STYLE = Automatic;
				COMBINE_HIDPI_IMAGES = YES;
				CURRENT_PROJECT_VERSION = 1;
				ENABLE_APP_SANDBOX = NO;
				ENABLE_PREVIEWS = YES;
				GENERATE_INFOPLIST_FILE = YES;
				INFOPLIST_FILE = "Tiny-Viewer-Info.plist";
				INFOPLIST_KEY_CFBundleDisplayName = "";
				INFOPLIST_KEY_LSApplicationCategoryType = "";
				INFOPLIST_KEY_NSHumanReadableCopyright = "";
				LD_RUNPATH_SEARCH_PATHS = (
					"$(inherited)",
					"@executable_path/../Frameworks",
				);
				MARKETING_VERSION = 1.0;
				NEW_SETTING = "";
				PRODUCT_BUNDLE_IDENTIFIER = "Zakoi.Tiny-Viewer";
				PRODUCT_NAME = "$(TARGET_NAME)";
				REGISTER_APP_GROUPS = YES;
				STRING_CATALOG_GENERATE_SYMBOLS = YES;
				SWIFT_APPROACHABLE_CONCURRENCY = YES;
				SWIFT_DEFAULT_ACTOR_ISOLATION = MainActor;
				SWIFT_EMIT_LOC_STRINGS = YES;
				SWIFT_UPCOMING_FEATURE_MEMBER_IMPORT_VISIBILITY = YES;
				SWIFT_VERSION = 5.0;
			};
			name = Release;
		};
		B6C73A5E2F4A2AF9008C741C /* Debug */ = {
			isa = XCBuildConfiguration;
			buildSettings = {
				BUNDLE_LOADER = "$(TEST_HOST)";
				CODE_SIGN_STYLE = Automatic;
				CURRENT_PROJECT_VERSION = 1;
				GENERATE_INFOPLIST_FILE = YES;
				MACOSX_DEPLOYMENT_TARGET = 15.6;
				MARKETING_VERSION = 1.0;
				PRODUCT_BUNDLE_IDENTIFIER = "Zakoi.Tiny-ViewerTests";
				PRODUCT_NAME = "$(TARGET_NAME)";
				STRING_CATALOG_GENERATE_SYMBOLS = NO;
				SWIFT_APPROACHABLE_CONCURRENCY = YES;
				SWIFT_EMIT_LOC_STRINGS = NO;
				SWIFT_UPCOMING_FEATURE_MEMBER_IMPORT_VISIBILITY = YES;
				SWIFT_VERSION = 5.0;
				TEST_HOST = "$(BUILT_PRODUCTS_DIR)/Tiny Viewer.app/$(BUNDLE_EXECUTABLE_FOLDER_PATH)/Tiny Viewer";
			};
			name = Debug;
		};
		B6C73A5F2F4A2AF9008C741C /* Release */ = {
			isa = XCBuildConfiguration;
			buildSettings = {
				BUNDLE_LOADER = "$(TEST_HOST)";
				CODE_SIGN_STYLE = Automatic;
				CURRENT_PROJECT_VERSION = 1;
				GENERATE_INFOPLIST_FILE = YES;
				MACOSX_DEPLOYMENT_TARGET = 15.6;
				MARKETING_VERSION = 1.0;
				PRODUCT_BUNDLE_IDENTIFIER = "Zakoi.Tiny-ViewerTests";
				PRODUCT_NAME = "$(TARGET_NAME)";
				STRING_CATALOG_GENERATE_SYMBOLS = NO;
				SWIFT_APPROACHABLE_CONCURRENCY = YES;
				SWIFT_EMIT_LOC_STRINGS = NO;
				SWIFT_UPCOMING_FEATURE_MEMBER_IMPORT_VISIBILITY = YES;
				SWIFT_VERSION = 5.0;
				TEST_HOST = "$(BUILT_PRODUCTS_DIR)/Tiny Viewer.app/$(BUNDLE_EXECUTABLE_FOLDER_PATH)/Tiny Viewer";
			};
			name = Release;
		};
		B6C73A612F4A2AF9008C741C /* Debug */ = {
			isa = XCBuildConfiguration;
			buildSettings = {
				CODE_SIGN_STYLE = Automatic;
				CURRENT_PROJECT_VERSION = 1;
				GENERATE_INFOPLIST_FILE = YES;
				MARKETING_VERSION = 1.0;
				PRODUCT_BUNDLE_IDENTIFIER = "Zakoi.Tiny-ViewerUITests";
				PRODUCT_NAME = "$(TARGET_NAME)";
				STRING_CATALOG_GENERATE_SYMBOLS = NO;
				SWIFT_APPROACHABLE_CONCURRENCY = YES;
				SWIFT_EMIT_LOC_STRINGS = NO;
				SWIFT_UPCOMING_FEATURE_MEMBER_IMPORT_VISIBILITY = YES;
				SWIFT_VERSION = 5.0;
				TEST_TARGET_NAME = "Tiny Viewer";
			};
			name = Debug;
		};
		B6C73A622F4A2AF9008C741C /* Release */ = {
			isa = XCBuildConfiguration;
			buildSettings = {
				CODE_SIGN_STYLE = Automatic;
				CURRENT_PROJECT_VERSION = 1;
				GENERATE_INFOPLIST_FILE = YES;
				MARKETING_VERSION = 1.0;
				PRODUCT_BUNDLE_IDENTIFIER = "Zakoi.Tiny-ViewerUITests";
				PRODUCT_NAME = "$(TARGET_NAME)";
				STRING_CATALOG_GENERATE_SYMBOLS = NO;
				SWIFT_APPROACHABLE_CONCURRENCY = YES;
				SWIFT_EMIT_LOC_STRINGS = NO;
				SWIFT_UPCOMING_FEATURE_MEMBER_IMPORT_VISIBILITY = YES;
				SWIFT_VERSION = 5.0;
				TEST_TARGET_NAME = "Tiny Viewer";
			};
			name = Release;
		};
/* End XCBuildConfiguration section */

/* Begin XCConfigurationList section */
		B6C73A342F4A2AF7008C741C /* Build configuration list for PBXProject "Tiny Viewer" */ = {
			isa = XCConfigurationList;
			buildConfigurations = (
				B6C73A582F4A2AF9008C741C /* Debug */,
				B6C73A592F4A2AF9008C741C /* Release */,
			);
			defaultConfigurationIsVisible = 0;
			defaultConfigurationName = Release;
		};
		B6C73A5A2F4A2AF9008C741C /* Build configuration list for PBXNativeTarget "Tiny Viewer" */ = {
			isa = XCConfigurationList;
			buildConfigurations = (
				B6C73A5B2F4A2AF9008C741C /* Debug */,
				B6C73A5C2F4A2AF9008C741C /* Release */,
			);
			defaultConfigurationIsVisible = 0;
			defaultConfigurationName = Release;
		};
		B6C73A5D2F4A2AF9008C741C /* Build configuration list for PBXNativeTarget "Tiny ViewerTests" */ = {
			isa = XCConfigurationList;
			buildConfigurations = (
				B6C73A5E2F4A2AF9008C741C /* Debug */,
				B6C73A5F2F4A2AF9008C741C /* Release */,
			);
			defaultConfigurationIsVisible = 0;
			defaultConfigurationName = Release;
		};
		B6C73A602F4A2AF9008C741C /* Build configuration list for PBXNativeTarget "Tiny ViewerUITests" */ = {
			isa = XCConfigurationList;
			buildConfigurations = (
				B6C73A612F4A2AF9008C741C /* Debug */,
				B6C73A622F4A2AF9008C741C /* Release */,
			);
			defaultConfigurationIsVisible = 0;
			defaultConfigurationName = Release;
		};
/* End XCConfigurationList section */
	};
	rootObject = B6C73A312F4A2AF7008C741C /* Project object */;
}
